{
    "_readme": [
        "This file locks the dependencies of your project to a known state",
        "Read more about it at https://getcomposer.org/doc/01-basic-usage.md#installing-dependencies",
        "This file is @generated automatically"
    ],
    "content-hash": "7bb1f68ce006121058fdf7629c8d0ba0",
    "packages": [],
    "packages-dev": [
        {
            "name": "phpstan/phpstan",
            "version": "2.1.49",
            "dist": {
                "type": "zip",
                "url": "https://api.github.com/repos/phpstan/phpstan/zipball/d0082955396e7f5ba19cf298224b85e1099f0ed8",
                "reference": "d0082955396e7f5ba19cf298224b85e1099f0ed8",
                "shasum": ""
            },
            "require": {
                "php": "^7.4|^8.0"
            },
            "conflict": {
                "phpstan/phpstan-shim": "*"
            },
            "bin": [
                "phpstan",
                "phpstan.phar"
            ],
            "type": "library",
            "autoload": {
                "files": [
                    "bootstrap.php"
                ]
            },
            "notification-url": "https://packagist.org/downloads/",
            "license": [
                "MIT"
            ],
            "description": "PHPStan - PHP Static Analysis Tool",
            "keywords": [
                "dev",
                "static analysis"
            ],
            "support": {
                "docs": "https://phpstan.org/user-guide/getting-started",
                "forum": "https://github.com/phpstan/phpstan/discussions",
                "issues": "https://github.com/phpstan/phpstan/issues",
                "security": "https://github.com/phpstan/phpstan/security/policy",
                "source": "https://github.com/phpstan/phpstan-src"
            },
            "funding": [
                {
                    "url": "https://github.com/ondrejmirtes",
                    "type": "github"
                },
                {
                    "url": "https://github.com/phpstan",
                    "type": "github"
                }
            ],
            "time": "2026-04-16T21:10:58+00:00"
        },
        {
            "name": "valkyrja/phpstan",
            "version": "v26.1.1",
            "source": {
                "type": "git",
                "url": "https://github.com/valkyrjaio/phpstan.git",
                "reference": "f3b678de9c71620572278d9bc09030d5812f00c4"
            },
            "dist": {
                "type": "zip",
                "url": "https://api.github.com/repos/valkyrjaio/phpstan/zipball/f3b678de9c71620572278d9bc09030d5812f00c4",
                "reference": "f3b678de9c71620572278d9bc09030d5812f00c4",
                "shasum": ""
            },
            "require": {
                "php": ">=8.4",
                "phpstan/phpstan": "^2.1.49"
            },
            "type": "project",
            "autoload": {
                "psr-4": {
                    "Valkyrja\\PhpStan\\": "src/PhpStan"
                }
            },
            "notification-url": "https://packagist.org/downloads/",
            "license": [
                "MIT"
            ],
            "authors": [
                {
                    "name": "Melech Mizrachi",
                    "email": "melechmizrachi@gmail.com"
                }
            ],
            "description": "PHPStan for the Valkyrja Project.",
            "homepage": "https://www.valkyrja.io/",
            "keywords": [
                "PHPStan",
                "ci",
                "valkyrja"
            ],
            "support": {
                "issues": "https://github.com/valkyrjaio/phpstan/issues",
                "source": "https://github.com/valkyrjaio/phpstan/tree/v26.1.1"
            },
            "time": "2026-04-17T03:50:48+00:00"
        }
    ],
    "aliases": [],
    "minimum-stability": "dev",
    "stability-flags": {},
    "prefer-stable": true,
    "prefer-lowest": false,
    "platform": {
        "php": ">=8.4"
    },
    "platform-dev": {},
    "plugin-api-version": "2.9.0"
}
