{
    "_readme": [
        "This file locks the dependencies of your project to a known state",
        "Read more about it at https://getcomposer.org/doc/01-basic-usage.md#installing-dependencies",
        "This file is @generated automatically"
    ],
    "content-hash": "edc95b8f854216b81784712b1aaa7581",
    "packages": [],
    "packages-dev": [
        {
            "name": "phpstan/phpstan",
            "version": "2.1.54",
            "dist": {
                "type": "zip",
                "url": "https://api.github.com/repos/phpstan/phpstan/zipball/8be50c3992107dc837b17da4d140fbbdf9a5c5bd",
                "reference": "8be50c3992107dc837b17da4d140fbbdf9a5c5bd",
                "shasum": ""
            },
            "require": {
                "php": "^7.4|^8.0"
            },
            "conflict": {
                "phpstan/phpstan-shim": "*"
            },
            "bin": [
                "phpstan",
                "phpstan.phar"
            ],
            "type": "library",
            "autoload": {
                "files": [
                    "bootstrap.php"
                ]
            },
            "notification-url": "https://packagist.org/downloads/",
            "license": [
                "MIT"
            ],
            "description": "PHPStan - PHP Static Analysis Tool",
            "keywords": [
                "dev",
                "static analysis"
            ],
            "support": {
                "docs": "https://phpstan.org/user-guide/getting-started",
                "forum": "https://github.com/phpstan/phpstan/discussions",
                "issues": "https://github.com/phpstan/phpstan/issues",
                "security": "https://github.com/phpstan/phpstan/security/policy",
                "source": "https://github.com/phpstan/phpstan-src"
            },
            "funding": [
                {
                    "url": "https://github.com/ondrejmirtes",
                    "type": "github"
                },
                {
                    "url": "https://github.com/phpstan",
                    "type": "github"
                }
            ],
            "time": "2026-04-29T13:31:09+00:00"
        },
        {
            "name": "valkyrja/phpstan",
            "version": "v26.1.4",
            "source": {
                "type": "git",
                "url": "https://github.com/valkyrjaio/ci-phpstan-php.git",
                "reference": "86357705bc217ebef37efc188356d5a9776116be"
            },
            "dist": {
                "type": "zip",
                "url": "https://api.github.com/repos/valkyrjaio/ci-phpstan-php/zipball/86357705bc217ebef37efc188356d5a9776116be",
                "reference": "86357705bc217ebef37efc188356d5a9776116be",
                "shasum": ""
            },
            "require": {
                "php": ">=8.4",
                "phpstan/phpstan": "^2.1.54"
            },
            "type": "project",
            "autoload": {
                "psr-4": {
                    "Valkyrja\\PhpStan\\": "src/PhpStan"
                }
            },
            "notification-url": "https://packagist.org/downloads/",
            "license": [
                "MIT"
            ],
            "authors": [
                {
                    "name": "Melech Mizrachi",
                    "email": "melechmizrachi@gmail.com"
                }
            ],
            "description": "PHPStan for the Valkyrja Project.",
            "homepage": "https://www.valkyrja.io/",
            "keywords": [
                "PHPStan",
                "ci",
                "valkyrja"
            ],
            "support": {
                "issues": "https://github.com/valkyrjaio/ci-phpstan-php/issues",
                "source": "https://github.com/valkyrjaio/ci-phpstan-php/tree/v26.1.4"
            },
            "time": "2026-04-29T16:30:32+00:00"
        }
    ],
    "aliases": [],
    "minimum-stability": "dev",
    "stability-flags": {},
    "prefer-stable": true,
    "prefer-lowest": false,
    "platform": {
        "php": ">=8.4"
    },
    "platform-dev": {},
    "plugin-api-version": "2.9.0"
}
