{
    "_readme": [
        "This file locks the dependencies of your project to a known state",
        "Read more about it at https://getcomposer.org/doc/01-basic-usage.md#installing-dependencies",
        "This file is @generated automatically"
    ],
    "content-hash": "b6e390e51dcf6120c2667f2e77d739c7",
    "packages": [],
    "packages-dev": [
        {
            "name": "nette/utils",
            "version": "v4.1.5",
            "source": {
                "type": "git",
                "url": "https://github.com/nette/utils.git",
                "reference": "b043439dbdf954e6c28b5ea7e34b0100f83165e0"
            },
            "dist": {
                "type": "zip",
                "url": "https://api.github.com/repos/nette/utils/zipball/b043439dbdf954e6c28b5ea7e34b0100f83165e0",
                "reference": "b043439dbdf954e6c28b5ea7e34b0100f83165e0",
                "shasum": ""
            },
            "require": {
                "php": "8.2 - 8.5"
            },
            "conflict": {
                "nette/finder": "<3",
                "nette/schema": "<1.2.2"
            },
            "require-dev": {
                "jetbrains/phpstorm-attributes": "^1.2",
                "nette/phpstan-rules": "^1.0",
                "nette/tester": "^2.5",
                "phpstan/extension-installer": "^1.4@stable",
                "phpstan/phpstan": "^2.1@stable",
                "tracy/tracy": "^2.9"
            },
            "suggest": {
                "ext-gd": "to use Image",
                "ext-iconv": "to use Strings::chr(), ord() and reverse()",
                "ext-intl": "to use Strings::webalize(), toAscii(), normalize() and compare()",
                "ext-json": "to use Nette\\Utils\\Json",
                "ext-mbstring": "to use Strings::lower() etc...",
                "ext-tokenizer": "to use Nette\\Utils\\Reflection::getUseStatements()"
            },
            "type": "library",
            "extra": {
                "branch-alias": {
                    "dev-master": "4.1-dev"
                }
            },
            "autoload": {
                "psr-4": {
                    "Nette\\": "src"
                },
                "classmap": [
                    "src/"
                ]
            },
            "notification-url": "https://packagist.org/downloads/",
            "license": [
                "BSD-3-Clause",
                "GPL-2.0-only",
                "GPL-3.0-only"
            ],
            "authors": [
                {
                    "name": "David Grudl",
                    "homepage": "https://davidgrudl.com"
                },
                {
                    "name": "Nette Community",
                    "homepage": "https://nette.org/contributors"
                }
            ],
            "description": "🛠  Nette Utils: lightweight utilities for string & array manipulation, image handling, safe JSON encoding/decoding, validation, slug or strong password generating etc.",
            "homepage": "https://nette.org",
            "keywords": [
                "array",
                "core",
                "datetime",
                "images",
                "json",
                "nette",
                "paginator",
                "password",
                "slugify",
                "string",
                "unicode",
                "utf-8",
                "utility",
                "validation"
            ],
            "support": {
                "issues": "https://github.com/nette/utils/issues",
                "source": "https://github.com/nette/utils/tree/v4.1.5"
            },
            "time": "2026-07-17T23:02:45+00:00"
        },
        {
            "name": "phpstan/phpstan",
            "version": "2.2.8",
            "dist": {
                "type": "zip",
                "url": "https://api.github.com/repos/phpstan/phpstan/zipball/e285254e60f33c21902efef4a926ca0987c06804",
                "reference": "e285254e60f33c21902efef4a926ca0987c06804",
                "shasum": ""
            },
            "require": {
                "php": "^7.4|^8.0"
            },
            "conflict": {
                "phpstan/phpstan-shim": "*"
            },
            "bin": [
                "phpstan",
                "phpstan.phar"
            ],
            "type": "library",
            "autoload": {
                "files": [
                    "bootstrap.php"
                ]
            },
            "notification-url": "https://packagist.org/downloads/",
            "license": [
                "MIT"
            ],
            "authors": [
                {
                    "name": "Ondřej Mirtes"
                },
                {
                    "name": "Markus Staab"
                },
                {
                    "name": "Vincent Langlet"
                }
            ],
            "description": "PHPStan - PHP Static Analysis Tool",
            "keywords": [
                "dev",
                "static analysis"
            ],
            "support": {
                "docs": "https://phpstan.org/user-guide/getting-started",
                "forum": "https://github.com/phpstan/phpstan/discussions",
                "issues": "https://github.com/phpstan/phpstan/issues",
                "security": "https://github.com/phpstan/phpstan/security/policy",
                "source": "https://github.com/phpstan/phpstan-src"
            },
            "funding": [
                {
                    "url": "https://github.com/ondrejmirtes",
                    "type": "github"
                },
                {
                    "url": "https://github.com/phpstan",
                    "type": "github"
                }
            ],
            "time": "2026-08-04T22:21:45+00:00"
        },
        {
            "name": "rector/rector",
            "version": "2.6.1",
            "source": {
                "type": "git",
                "url": "https://github.com/rectorphp/rector.git",
                "reference": "b8e68f058bca43e01a2e1caa51ef022d6551ed95"
            },
            "dist": {
                "type": "zip",
                "url": "https://api.github.com/repos/rectorphp/rector/zipball/b8e68f058bca43e01a2e1caa51ef022d6551ed95",
                "reference": "b8e68f058bca43e01a2e1caa51ef022d6551ed95",
                "shasum": ""
            },
            "require": {
                "php": "^7.4|^8.0",
                "phpstan/phpstan": "^2.2.6"
            },
            "conflict": {
                "rector/rector-doctrine": "*",
                "rector/rector-downgrade-php": "*",
                "rector/rector-phpunit": "*",
                "rector/rector-symfony": "*"
            },
            "suggest": {
                "ext-dom": "To manipulate phpunit.xml via the custom-rule command"
            },
            "bin": [
                "bin/rector"
            ],
            "type": "library",
            "autoload": {
                "files": [
                    "bootstrap.php"
                ]
            },
            "notification-url": "https://packagist.org/downloads/",
            "license": [
                "MIT"
            ],
            "description": "Instant Upgrade and Automated Refactoring of any PHP code",
            "homepage": "https://getrector.com/",
            "keywords": [
                "automation",
                "dev",
                "migration",
                "refactoring"
            ],
            "support": {
                "issues": "https://github.com/rectorphp/rector/issues",
                "source": "https://github.com/rectorphp/rector/tree/2.6.1"
            },
            "funding": [
                {
                    "url": "https://github.com/tomasvotruba",
                    "type": "github"
                }
            ],
            "time": "2026-08-03T17:30:34+00:00"
        },
        {
            "name": "valkyrja/ci-rector",
            "version": "v26.3.7",
            "source": {
                "type": "git",
                "url": "https://github.com/valkyrjaio/ci-rector-php.git",
                "reference": "41f061088e3f6105ca18a557c4bc9329fb8cb96f"
            },
            "dist": {
                "type": "zip",
                "url": "https://api.github.com/repos/valkyrjaio/ci-rector-php/zipball/41f061088e3f6105ca18a557c4bc9329fb8cb96f",
                "reference": "41f061088e3f6105ca18a557c4bc9329fb8cb96f",
                "shasum": ""
            },
            "require": {
                "nette/utils": "^4.1.5",
                "php": ">=8.4",
                "rector/rector": "^2.6.1"
            },
            "type": "project",
            "autoload": {
                "psr-4": {
                    "Valkyrja\\Rector\\": "src/Rector"
                }
            },
            "notification-url": "https://packagist.org/downloads/",
            "license": [
                "MIT"
            ],
            "authors": [
                {
                    "name": "Melech Mizrachi",
                    "email": "melechmizrachi@gmail.com"
                }
            ],
            "description": "Rector for the Valkyrja Project.",
            "homepage": "https://www.valkyrja.io/",
            "keywords": [
                "ci",
                "rector",
                "valkyrja"
            ],
            "support": {
                "issues": "https://github.com/valkyrjaio/ci-rector-php/issues",
                "source": "https://github.com/valkyrjaio/ci-rector-php/tree/v26.3.7"
            },
            "time": "2026-08-10T11:03:37+00:00"
        }
    ],
    "aliases": [],
    "minimum-stability": "dev",
    "stability-flags": {},
    "prefer-stable": true,
    "prefer-lowest": false,
    "platform": {
        "php": ">=8.4"
    },
    "platform-dev": {},
    "plugin-api-version": "2.9.0"
}
