{
    "_readme": [
        "This file locks the dependencies of your project to a known state",
        "Read more about it at https://getcomposer.org/doc/01-basic-usage.md#installing-dependencies",
        "This file is @generated automatically"
    ],
    "content-hash": "902645941a281c48ea38cd3b6863d5f3",
    "packages": [],
    "packages-dev": [
        {
            "name": "nikic/php-parser",
            "version": "v5.7.0",
            "source": {
                "type": "git",
                "url": "https://github.com/nikic/PHP-Parser.git",
                "reference": "dca41cd15c2ac9d055ad70dbfd011130757d1f82"
            },
            "dist": {
                "type": "zip",
                "url": "https://api.github.com/repos/nikic/PHP-Parser/zipball/dca41cd15c2ac9d055ad70dbfd011130757d1f82",
                "reference": "dca41cd15c2ac9d055ad70dbfd011130757d1f82",
                "shasum": ""
            },
            "require": {
                "ext-ctype": "*",
                "ext-json": "*",
                "ext-tokenizer": "*",
                "php": ">=7.4"
            },
            "require-dev": {
                "ircmaxell/php-yacc": "^0.0.7",
                "phpunit/phpunit": "^9.0"
            },
            "bin": [
                "bin/php-parse"
            ],
            "type": "library",
            "extra": {
                "branch-alias": {
                    "dev-master": "5.x-dev"
                }
            },
            "autoload": {
                "psr-4": {
                    "PhpParser\\": "lib/PhpParser"
                }
            },
            "notification-url": "https://packagist.org/downloads/",
            "license": [
                "BSD-3-Clause"
            ],
            "authors": [
                {
                    "name": "Nikita Popov"
                }
            ],
            "description": "A PHP parser written in PHP",
            "keywords": [
                "parser",
                "php"
            ],
            "support": {
                "issues": "https://github.com/nikic/PHP-Parser/issues",
                "source": "https://github.com/nikic/PHP-Parser/tree/v5.7.0"
            },
            "time": "2025-12-06T11:56:16+00:00"
        },
        {
            "name": "openmetrics-php/exposition-text",
            "version": "v0.4.2",
            "source": {
                "type": "git",
                "url": "https://github.com/openmetrics-php/exposition-text.git",
                "reference": "4f65004f93e53eac4b9668879b92d3c200a851ba"
            },
            "dist": {
                "type": "zip",
                "url": "https://api.github.com/repos/openmetrics-php/exposition-text/zipball/4f65004f93e53eac4b9668879b92d3c200a851ba",
                "reference": "4f65004f93e53eac4b9668879b92d3c200a851ba",
                "shasum": ""
            },
            "require": {
                "php": "^7.2 || ^8.0 || ^8.4"
            },
            "require-dev": {
                "ext-xdebug": "*"
            },
            "type": "library",
            "autoload": {
                "psr-4": {
                    "OpenMetricsPhp\\Exposition\\Text\\": "src/"
                }
            },
            "notification-url": "https://packagist.org/downloads/",
            "license": [
                "MIT"
            ],
            "authors": [
                {
                    "name": "Holger Woltersdorf",
                    "email": "hw@hollo.me"
                }
            ],
            "description": "Implementation of the text exposition format of OpenMetrics",
            "support": {
                "issues": "https://github.com/openmetrics-php/exposition-text/issues",
                "source": "https://github.com/openmetrics-php/exposition-text/tree/v0.4.2"
            },
            "time": "2025-06-04T14:59:47+00:00"
        },
        {
            "name": "phpmetrics/phpmetrics",
            "version": "v3.0.0rc8",
            "source": {
                "type": "git",
                "url": "https://github.com/phpmetrics/PhpMetrics.git",
                "reference": "7111fe26c10092ed73c88fd325b43ddcd1b08558"
            },
            "dist": {
                "type": "zip",
                "url": "https://api.github.com/repos/phpmetrics/PhpMetrics/zipball/7111fe26c10092ed73c88fd325b43ddcd1b08558",
                "reference": "7111fe26c10092ed73c88fd325b43ddcd1b08558",
                "shasum": ""
            },
            "require": {
                "ext-tokenizer": "*",
                "nikic/php-parser": "^5.4",
                "openmetrics-php/exposition-text": "^0.4.1",
                "php": ">=8.1"
            },
            "replace": {
                "halleck45/php-metrics": "*",
                "halleck45/phpmetrics": "*"
            },
            "require-dev": {
                "phake/phake": "^4.5.3",
                "phpstan/extension-installer": "^1.4",
                "phpstan/phpstan": "^2.1",
                "phpstan/phpstan-deprecation-rules": "^2.0",
                "phpstan/phpstan-phpunit": "^2.0",
                "phpstan/phpstan-strict-rules": "^2.0",
                "phpunit/phpunit": "^10.5",
                "roave/security-advisories": "dev-latest",
                "sebastian/comparator": ">=5.0.0",
                "squizlabs/php_codesniffer": "^3.11",
                "symfony/dom-crawler": "^6.4",
                "vimeo/psalm": "^6.3"
            },
            "suggest": {
                "ext-dom": "To allow XML parsing and report results.",
                "ext-yaml": "To allow yaml parsing of configuration files."
            },
            "bin": [
                "bin/phpmetrics"
            ],
            "type": "library",
            "autoload": {
                "psr-4": {
                    "Hal\\": "src/Hal"
                }
            },
            "notification-url": "https://packagist.org/downloads/",
            "license": [
                "MIT"
            ],
            "authors": [
                {
                    "name": "Jean-François Lépine",
                    "email": "lepinejeanfrancois@yahoo.fr",
                    "homepage": "http://www.lepine.pro",
                    "role": "Copyright Holder"
                }
            ],
            "description": "Static analyzer tool for PHP : Coupling, Cyclomatic complexity, Maintainability Index, Halstead's metrics... and more !",
            "homepage": "http://www.phpmetrics.org",
            "keywords": [
                "analysis",
                "qa",
                "quality",
                "testing"
            ],
            "support": {
                "issues": "https://github.com/PhpMetrics/PhpMetrics/issues",
                "source": "https://github.com/phpmetrics/PhpMetrics/tree/v3.0.0rc8"
            },
            "time": "2025-02-05T09:10:37+00:00"
        }
    ],
    "aliases": [],
    "minimum-stability": "dev",
    "stability-flags": {},
    "prefer-stable": true,
    "prefer-lowest": false,
    "platform": {},
    "platform-dev": {},
    "plugin-api-version": "2.6.0"
}
